
Microsoft Visual Studio Solution File, Format Version 11.00
# Visual Studio 2010
Project("{FAE04EC0-301F-11D3-BF4B-00C04F79EFBC}") = "Avanade.AppKernel", "AppKernel\Avanade.AppKernel.csproj", "{B4EB1DF4-EFA0-4063-A719-F0F345A71CB7}"
EndProject
Project("{FAE04EC0-301F-11D3-BF4B-00C04F79EFBC}") = "Avanade.AppKernel.Unit.Tests", "AppKernel.Unit.Tests\Avanade.AppKernel.Unit.Tests.csproj", "{18042614-D35E-487D-8705-D9853CADBEBA}"
EndProject
Project("{2150E333-8FDC-42A3-9474-1A3956D46DE8}") = "Solution Items", "Solution Items", "{CD1104DF-4D8B-4DDF-AB7A-EE7462DCA190}"
EndProject
Project("{FAE04EC0-301F-11D3-BF4B-00C04F79EFBC}") = "Avanade.AppKernel.Default.Plugin", "AppKernel.Default.Plugin\Avanade.AppKernel.Default.Plugin.csproj", "{EAC3B559-1557-4D92-AA88-8C9FE92762EE}"
EndProject
Project("{FAE04EC0-301F-11D3-BF4B-00C04F79EFBC}") = "Avanade.AppKernel.Integration.Tests", "AppKernel.Integration.Tests\Avanade.AppKernel.Integration.Tests.csproj", "{FB67B180-6110-4DE9-9AAB-001791EEBB57}"
EndProject
Project("{CC5FD16D-436D-48AD-A40C-5A424C6E3E79}") = "AzureAppKernel", "AzureAppKernel\AzureAppKernel.ccproj", "{9E996195-2927-4AF3-B469-2CE2ECBB639A}"
EndProject
Global
	GlobalSection(SolutionConfigurationPlatforms) = preSolution
		Azure|Any CPU = Azure|Any CPU
		Debug|Any CPU = Debug|Any CPU
		Emulator|Any CPU = Emulator|Any CPU
		Release|Any CPU = Release|Any CPU
	EndGlobalSection
	GlobalSection(ProjectConfigurationPlatforms) = postSolution
		{B4EB1DF4-EFA0-4063-A719-F0F345A71CB7}.Azure|Any CPU.ActiveCfg = Azure|Any CPU
		{B4EB1DF4-EFA0-4063-A719-F0F345A71CB7}.Azure|Any CPU.Build.0 = Azure|Any CPU
		{B4EB1DF4-EFA0-4063-A719-F0F345A71CB7}.Debug|Any CPU.ActiveCfg = Debug|Any CPU
		{B4EB1DF4-EFA0-4063-A719-F0F345A71CB7}.Debug|Any CPU.Build.0 = Debug|Any CPU
		{B4EB1DF4-EFA0-4063-A719-F0F345A71CB7}.Emulator|Any CPU.ActiveCfg = Emulator|Any CPU
		{B4EB1DF4-EFA0-4063-A719-F0F345A71CB7}.Emulator|Any CPU.Build.0 = Emulator|Any CPU
		{B4EB1DF4-EFA0-4063-A719-F0F345A71CB7}.Release|Any CPU.ActiveCfg = Release|Any CPU
		{B4EB1DF4-EFA0-4063-A719-F0F345A71CB7}.Release|Any CPU.Build.0 = Release|Any CPU
		{18042614-D35E-487D-8705-D9853CADBEBA}.Azure|Any CPU.ActiveCfg = Azure|Any CPU
		{18042614-D35E-487D-8705-D9853CADBEBA}.Azure|Any CPU.Build.0 = Azure|Any CPU
		{18042614-D35E-487D-8705-D9853CADBEBA}.Debug|Any CPU.ActiveCfg = Debug|Any CPU
		{18042614-D35E-487D-8705-D9853CADBEBA}.Debug|Any CPU.Build.0 = Debug|Any CPU
		{18042614-D35E-487D-8705-D9853CADBEBA}.Emulator|Any CPU.ActiveCfg = Emulator|Any CPU
		{18042614-D35E-487D-8705-D9853CADBEBA}.Emulator|Any CPU.Build.0 = Emulator|Any CPU
		{18042614-D35E-487D-8705-D9853CADBEBA}.Release|Any CPU.ActiveCfg = Release|Any CPU
		{18042614-D35E-487D-8705-D9853CADBEBA}.Release|Any CPU.Build.0 = Release|Any CPU
		{EAC3B559-1557-4D92-AA88-8C9FE92762EE}.Azure|Any CPU.ActiveCfg = Azure|Any CPU
		{EAC3B559-1557-4D92-AA88-8C9FE92762EE}.Azure|Any CPU.Build.0 = Azure|Any CPU
		{EAC3B559-1557-4D92-AA88-8C9FE92762EE}.Debug|Any CPU.ActiveCfg = Debug|Any CPU
		{EAC3B559-1557-4D92-AA88-8C9FE92762EE}.Debug|Any CPU.Build.0 = Debug|Any CPU
		{EAC3B559-1557-4D92-AA88-8C9FE92762EE}.Emulator|Any CPU.ActiveCfg = Emulator|Any CPU
		{EAC3B559-1557-4D92-AA88-8C9FE92762EE}.Emulator|Any CPU.Build.0 = Emulator|Any CPU
		{EAC3B559-1557-4D92-AA88-8C9FE92762EE}.Release|Any CPU.ActiveCfg = Release|Any CPU
		{EAC3B559-1557-4D92-AA88-8C9FE92762EE}.Release|Any CPU.Build.0 = Release|Any CPU
		{FB67B180-6110-4DE9-9AAB-001791EEBB57}.Azure|Any CPU.ActiveCfg = Azure|Any CPU
		{FB67B180-6110-4DE9-9AAB-001791EEBB57}.Azure|Any CPU.Build.0 = Azure|Any CPU
		{FB67B180-6110-4DE9-9AAB-001791EEBB57}.Debug|Any CPU.ActiveCfg = Debug|Any CPU
		{FB67B180-6110-4DE9-9AAB-001791EEBB57}.Debug|Any CPU.Build.0 = Debug|Any CPU
		{FB67B180-6110-4DE9-9AAB-001791EEBB57}.Emulator|Any CPU.ActiveCfg = Emulator|Any CPU
		{FB67B180-6110-4DE9-9AAB-001791EEBB57}.Emulator|Any CPU.Build.0 = Emulator|Any CPU
		{FB67B180-6110-4DE9-9AAB-001791EEBB57}.Release|Any CPU.ActiveCfg = Release|Any CPU
		{FB67B180-6110-4DE9-9AAB-001791EEBB57}.Release|Any CPU.Build.0 = Release|Any CPU
		{9E996195-2927-4AF3-B469-2CE2ECBB639A}.Azure|Any CPU.ActiveCfg = Azure|Any CPU
		{9E996195-2927-4AF3-B469-2CE2ECBB639A}.Azure|Any CPU.Build.0 = Azure|Any CPU
		{9E996195-2927-4AF3-B469-2CE2ECBB639A}.Debug|Any CPU.ActiveCfg = Debug|Any CPU
		{9E996195-2927-4AF3-B469-2CE2ECBB639A}.Debug|Any CPU.Build.0 = Debug|Any CPU
		{9E996195-2927-4AF3-B469-2CE2ECBB639A}.Emulator|Any CPU.ActiveCfg = Emulator|Any CPU
		{9E996195-2927-4AF3-B469-2CE2ECBB639A}.Emulator|Any CPU.Build.0 = Emulator|Any CPU
		{9E996195-2927-4AF3-B469-2CE2ECBB639A}.Release|Any CPU.ActiveCfg = Release|Any CPU
		{9E996195-2927-4AF3-B469-2CE2ECBB639A}.Release|Any CPU.Build.0 = Release|Any CPU
	EndGlobalSection
	GlobalSection(SolutionProperties) = preSolution
		HideSolutionNode = FALSE
	EndGlobalSection
EndGlobal
